
Microsoft Visual Studio Solution File, Format Version 12.00
# Visual Studio 15
VisualStudioVersion = 15.0.27130.2010
MinimumVisualStudioVersion = 10.0.40219.1
Project("{9A19103F-16F7-4668-BE54-9A1E7A4F7556}") = "CircleCIProj", "CircleCIProj\CircleCIProj.csproj", "{176AEE58-144F-46E5-994B-3B5E17FF57F2}"
EndProject
Project("{9A19103F-16F7-4668-BE54-9A1E7A4F7556}") = "XUnitTestProj", "XUnitTestProj\XUnitTestProj.csproj", "{24443539-8818-42C7-9073-4CC20453B769}"
EndProject
Project("{9A19103F-16F7-4668-BE54-9A1E7A4F7556}") = "XUnitTestProj2", "XUnitTestProj2\XUnitTestProj2.csproj", "{F135B232-FA51-4F1C-B96B-6DC739492A81}"
EndProject
Project("{FAE04EC0-301F-11D3-BF4B-00C04F79EFBC}") = "CoreDotNet", "CoreDotNet\CoreDotNet.csproj", "{59744D59-BF1E-4775-B309-74D46EE8EC3D}"
EndProject
Global
	GlobalSection(SolutionConfigurationPlatforms) = preSolution
		Debug|Any CPU = Debug|Any CPU
		Release|Any CPU = Release|Any CPU
	EndGlobalSection
	GlobalSection(ProjectConfigurationPlatforms) = postSolution
		{176AEE58-144F-46E5-994B-3B5E17FF57F2}.Debug|Any CPU.ActiveCfg = Debug|Any CPU
		{176AEE58-144F-46E5-994B-3B5E17FF57F2}.Debug|Any CPU.Build.0 = Debug|Any CPU
		{176AEE58-144F-46E5-994B-3B5E17FF57F2}.Release|Any CPU.ActiveCfg = Release|Any CPU
		{176AEE58-144F-46E5-994B-3B5E17FF57F2}.Release|Any CPU.Build.0 = Release|Any CPU
		{24443539-8818-42C7-9073-4CC20453B769}.Debug|Any CPU.ActiveCfg = Debug|Any CPU
		{24443539-8818-42C7-9073-4CC20453B769}.Debug|Any CPU.Build.0 = Debug|Any CPU
		{24443539-8818-42C7-9073-4CC20453B769}.Release|Any CPU.ActiveCfg = Release|Any CPU
		{24443539-8818-42C7-9073-4CC20453B769}.Release|Any CPU.Build.0 = Release|Any CPU
		{F135B232-FA51-4F1C-B96B-6DC739492A81}.Debug|Any CPU.ActiveCfg = Debug|Any CPU
		{F135B232-FA51-4F1C-B96B-6DC739492A81}.Debug|Any CPU.Build.0 = Debug|Any CPU
		{F135B232-FA51-4F1C-B96B-6DC739492A81}.Release|Any CPU.ActiveCfg = Release|Any CPU
		{F135B232-FA51-4F1C-B96B-6DC739492A81}.Release|Any CPU.Build.0 = Release|Any CPU
		{59744D59-BF1E-4775-B309-74D46EE8EC3D}.Debug|Any CPU.ActiveCfg = Debug|Any CPU
		{59744D59-BF1E-4775-B309-74D46EE8EC3D}.Debug|Any CPU.Build.0 = Debug|Any CPU
		{59744D59-BF1E-4775-B309-74D46EE8EC3D}.Release|Any CPU.ActiveCfg = Release|Any CPU
		{59744D59-BF1E-4775-B309-74D46EE8EC3D}.Release|Any CPU.Build.0 = Release|Any CPU
	EndGlobalSection
	GlobalSection(SolutionProperties) = preSolution
		HideSolutionNode = FALSE
	EndGlobalSection
	GlobalSection(ExtensibilityGlobals) = postSolution
		SolutionGuid = {6911F4DB-D667-46B7-92A3-46F7EDE2A02E}
	EndGlobalSection
EndGlobal
