
Microsoft Visual Studio Solution File, Format Version 12.00
# Visual Studio 15
VisualStudioVersion = 15.0.27130.2010
MinimumVisualStudioVersion = 10.0.40219.1
Project("{9A19103F-16F7-4668-BE54-9A1E7A4F7556}") = "CircleCIProj", "CircleCIProj\CircleCIProj.csproj", "{1B24E3A8-CE49-44B3-BE7F-ED73FE9C4A9D}"
EndProject
Global
	GlobalSection(SolutionConfigurationPlatforms) = preSolution
		Debug|Any CPU = Debug|Any CPU
		Release|Any CPU = Release|Any CPU
	EndGlobalSection
	GlobalSection(ProjectConfigurationPlatforms) = postSolution
		{1B24E3A8-CE49-44B3-BE7F-ED73FE9C4A9D}.Debug|Any CPU.ActiveCfg = Debug|Any CPU
		{1B24E3A8-CE49-44B3-BE7F-ED73FE9C4A9D}.Debug|Any CPU.Build.0 = Debug|Any CPU
		{1B24E3A8-CE49-44B3-BE7F-ED73FE9C4A9D}.Release|Any CPU.ActiveCfg = Release|Any CPU
		{1B24E3A8-CE49-44B3-BE7F-ED73FE9C4A9D}.Release|Any CPU.Build.0 = Release|Any CPU
	EndGlobalSection
	GlobalSection(SolutionProperties) = preSolution
		HideSolutionNode = FALSE
	EndGlobalSection
	GlobalSection(ExtensibilityGlobals) = postSolution
		SolutionGuid = {6911F4DB-D667-46B7-92A3-46F7EDE2A02E}
	EndGlobalSection
EndGlobal
